<?xml version="1.0" encoding="utf-8"?>
<Project ToolsVersion="4.0" xmlns:atg="http://atg.xbox.com" xmlns="http://schemas.microsoft.com/developer/msbuild/2003">
  <ItemGroup>
    <Filter Include="Resource Files">
      <UniqueIdentifier>{8e114980-c1a3-4ada-ad7c-83caadf5daeb}</UniqueIdentifier>
      <Extensions>rc;ico;cur;bmp;dlg;rc2;rct;bin;rgs;gif;jpg;jpeg;jpe</Extensions>
    </Filter>
    <Filter Include="DXUT">
      <UniqueIdentifier>{a43c5c25-0e86-4a20-b64a-883785ff74fd}</UniqueIdentifier>
    </Filter>
    <Filter Include="Camera">
      <UniqueIdentifier>{ad7e3154-553d-4221-afea-678689f7dee6}</UniqueIdentifier>
    </Filter>
    <Filter Include="Lighting">
      <UniqueIdentifier>{1f4ee747-ebcb-45a1-bc4d-2191470e5de3}</UniqueIdentifier>
    </Filter>
    <Filter Include="Nodes">
      <UniqueIdentifier>{42bba494-6581-4079-9fa6-1b5b7f85de72}</UniqueIdentifier>
    </Filter>
    <Filter Include="FrameWork">
      <UniqueIdentifier>{64554fae-344d-47ac-acb7-06344a60e1e5}</UniqueIdentifier>
    </Filter>
    <Filter Include="Controller">
      <UniqueIdentifier>{2e7462e1-7e71-4522-97b5-fab58874d575}</UniqueIdentifier>
    </Filter>
    <Filter Include="SceneGraph">
      <UniqueIdentifier>{6b5ade52-e1b9-4638-9918-7afc1c0512ce}</UniqueIdentifier>
    </Filter>
    <Filter Include="BoundingVolumes">
      <UniqueIdentifier>{98161a26-b140-4669-bb4d-0aae3fab01d7}</UniqueIdentifier>
    </Filter>
  </ItemGroup>
  <ItemGroup>
    <None Include="DXUT\Optional\directx.ico">
      <Filter>Resource Files</Filter>
    </None>
  </ItemGroup>
  <ItemGroup>
    <ClCompile Include="CameraNode.cpp">
      <Filter>Camera</Filter>
    </ClCompile>
    <ClCompile Include="CameraRender.cpp">
      <Filter>Camera</Filter>
    </ClCompile>
    <ClCompile Include="DirectionalLight.cpp">
      <Filter>Lighting</Filter>
    </ClCompile>
    <ClCompile Include="SpotLight.cpp">
      <Filter>Lighting</Filter>
    </ClCompile>
    <ClCompile Include="Light.cpp">
      <Filter>Lighting</Filter>
    </ClCompile>
    <ClCompile Include="SceneNode.cpp">
      <Filter>Nodes</Filter>
    </ClCompile>
    <ClCompile Include="SkyDome.cpp">
      <Filter>Nodes</Filter>
    </ClCompile>
    <ClCompile Include="Tank.cpp">
      <Filter>Nodes</Filter>
    </ClCompile>
    <ClCompile Include="TerrainNode.cpp">
      <Filter>Nodes</Filter>
    </ClCompile>
    <ClCompile Include="WoodenCrate.cpp">
      <Filter>Nodes</Filter>
    </ClCompile>
    <ClCompile Include="Framework.cpp">
      <Filter>FrameWork</Filter>
    </ClCompile>
    <ClCompile Include="FrameWorkTest.cpp">
      <Filter>FrameWork</Filter>
    </ClCompile>
    <ClCompile Include="GamePadController.cpp">
      <Filter>Controller</Filter>
    </ClCompile>
    <ClCompile Include="SceneGraph.cpp">
      <Filter>SceneGraph</Filter>
    </ClCompile>
    <ClCompile Include="BoundingShape.cpp">
      <Filter>BoundingVolumes</Filter>
    </ClCompile>
    <ClCompile Include="BoundingSphere.cpp">
      <Filter>BoundingVolumes</Filter>
    </ClCompile>
    <ClCompile Include="BoundingBox.cpp">
      <Filter>BoundingVolumes</Filter>
    </ClCompile>
    <ClCompile Include="Tree.cpp">
      <Filter>Nodes</Filter>
    </ClCompile>
    <ClCompile Include="FrameWorkResourceManager.cpp">
      <Filter>FrameWork</Filter>
    </ClCompile>
    <ClCompile Include="Castle.cpp">
      <Filter>Nodes</Filter>
    </ClCompile>
    <ClCompile Include="ExplosionNode.cpp">
      <Filter>Nodes</Filter>
    </ClCompile>
    <ClCompile Include="BulletNode.cpp">
      <Filter>Nodes</Filter>
    </ClCompile>
  </ItemGroup>
  <ItemGroup>
    <CLInclude Include="resource.h">
      <Filter>Resource Files</Filter>
    </CLInclude>
    <ResourceCompile Include="Framework.rc">
      <Filter>Resource Files</Filter>
    </ResourceCompile>
    <ClInclude Include="CameraRender.h">
      <Filter>Camera</Filter>
    </ClInclude>
    <ClInclude Include="CameraNode.h">
      <Filter>Camera</Filter>
    </ClInclude>
    <ClInclude Include="DirectionalLight.h">
      <Filter>Lighting</Filter>
    </ClInclude>
    <ClInclude Include="SpotLight.h">
      <Filter>Lighting</Filter>
    </ClInclude>
    <ClInclude Include="Light.h">
      <Filter>Lighting</Filter>
    </ClInclude>
    <ClInclude Include="WoodenCrate.h">
      <Filter>Nodes</Filter>
    </ClInclude>
    <ClInclude Include="SceneNode.h">
      <Filter>Nodes</Filter>
    </ClInclude>
    <ClInclude Include="SkyDome.h">
      <Filter>Nodes</Filter>
    </ClInclude>
    <ClInclude Include="Tank.h">
      <Filter>Nodes</Filter>
    </ClInclude>
    <ClInclude Include="TerrainNode.h">
      <Filter>Nodes</Filter>
    </ClInclude>
    <ClInclude Include="FrameWorkTest.h">
      <Filter>FrameWork</Filter>
    </ClInclude>
    <ClInclude Include="Framework.h">
      <Filter>FrameWork</Filter>
    </ClInclude>
    <ClInclude Include="GamePadController.h">
      <Filter>Controller</Filter>
    </ClInclude>
    <ClInclude Include="SceneGraph.h">
      <Filter>SceneGraph</Filter>
    </ClInclude>
    <ClInclude Include="BoundingShape.h">
      <Filter>BoundingVolumes</Filter>
    </ClInclude>
    <ClInclude Include="BoundingSphere.h">
      <Filter>BoundingVolumes</Filter>
    </ClInclude>
    <ClInclude Include="BoundingBox.h">
      <Filter>BoundingVolumes</Filter>
    </ClInclude>
    <ClInclude Include="Tree.h">
      <Filter>Nodes</Filter>
    </ClInclude>
    <ClInclude Include="FrameWorkResourceManager.h">
      <Filter>FrameWork</Filter>
    </ClInclude>
    <ClInclude Include="Castle.h">
      <Filter>Nodes</Filter>
    </ClInclude>
    <ClInclude Include="ExplosionNode.h">
      <Filter>Nodes</Filter>
    </ClInclude>
    <ClInclude Include="BulletNode.h">
      <Filter>Nodes</Filter>
    </ClInclude>
  </ItemGroup>
  <ItemGroup>
  </ItemGroup>
</Project>